{
  "name": "OCR",
  "lockfileVersion": 3,
  "requires": true,
  "packages": {
    "": {
      "dependencies": {
        "ocrad.js": "^0.0.1"
      }
    },
    "node_modules/ocrad.js": {
      "version": "0.0.1",
      "resolved": "https://registry.npmjs.org/ocrad.js/-/ocrad.js-0.0.1.tgz",
      "integrity": "sha512-4W8Kcf4ewFJUgEGIBH4FxEgusHPmk0dSzD+CBMaaZeOb1RPM1Rv0+cA177pHDlN2yK8Gelb4KTczxtbQmq+p/w=="
    }
  }
}
